{
    "hash": "8c8df1bbc11ca1042f0fa3bdd56de125",
    "packages": [
        {
            "name": "doctrine/common",
            "version": "2.3.x-dev",
            "source": {
                "type": "git",
                "url": "https://github.com/doctrine/common",
                "reference": "bb0aebbf234db52df476a2b473d434745b34221c"
            },
            "dist": {
                "type": "zip",
                "url": "https://github.com/doctrine/common/archive/bb0aebbf234db52df476a2b473d434745b34221c.zip",
                "reference": "bb0aebbf234db52df476a2b473d434745b34221c",
                "shasum": ""
            },
            "require": {
                "php": ">=5.3.2"
            },
            "time": "2012-09-20 05:55:18",
            "type": "library",
            "extra": {
                "branch-alias": {
                    "dev-master": "2.3.x-dev"
                }
            },
            "installation-source": "source",
            "autoload": {
                "psr-0": {
                    "Doctrine\\Common": "lib/"
                }
            },
            "license": [
                "MIT"
            ],
            "authors": [
                {
                    "name": "Jonathan Wage",
                    "email": "jonwage@gmail.com",
                    "homepage": "http://www.jwage.com/"
                },
                {
                    "name": "Guilherme Blanco",
                    "email": "guilhermeblanco@gmail.com",
                    "homepage": "http://www.instaclick.com"
                },
                {
                    "name": "Roman Borschel",
                    "email": "roman@code-factory.org"
                },
                {
                    "name": "Benjamin Eberlei",
                    "email": "kontakt@beberlei.de"
                },
                {
                    "name": "Johannes Schmitt",
                    "email": "schmittjoh@gmail.com",
                    "homepage": "http://jmsyst.com",
                    "role": "Developer of wrapped JMSSerializerBundle"
                }
            ],
            "description": "Common Library for Doctrine projects",
            "homepage": "http://www.doctrine-project.org",
            "keywords": [
                "collections",
                "spl",
                "eventmanager",
                "annotations",
                "persistence"
            ]
        },
        {
            "name": "leafo/lessphp",
            "version": "dev-master",
            "source": {
                "type": "git",
                "url": "http://github.com/leafo/lessphp",
                "reference": "da15f54506ce5023eaeb9ad9cae83470ffe018a1"
            },
            "dist": {
                "type": "zip",
                "url": "https://github.com/leafo/lessphp/archive/da15f54506ce5023eaeb9ad9cae83470ffe018a1.zip",
                "reference": "da15f54506ce5023eaeb9ad9cae83470ffe018a1",
                "shasum": ""
            },
            "time": "2012-11-03 17:50:34",
            "type": "library",
            "installation-source": "source",
            "autoload": {
                "classmap": [
                    "lessc.inc.php"
                ]
            },
            "license": [
                "MIT",
                "GPL-3.0"
            ],
            "authors": [
                {
                    "name": "Leaf Corcoran",
                    "email": "leafot@gmail.com",
                    "homepage": "http://leafo.net"
                }
            ],
            "description": "lessphp is a compiler for LESS written in PHP.",
            "homepage": "http://leafo.net/lessphp/"
        },
        {
            "name": "mopa/bootstrap-bundle",
            "version": "dev-master",
            "target-dir": "Mopa/Bundle/BootstrapBundle",
            "source": {
                "type": "git",
                "url": "https://github.com/phiamo/MopaBootstrapBundle.git",
                "reference": "14f7ae2da4723c77b6b383b2751d15cafca5d8e1"
            },
            "dist": {
                "type": "zip",
                "url": "https://github.com/phiamo/MopaBootstrapBundle/archive/14f7ae2da4723c77b6b383b2751d15cafca5d8e1.zip",
                "reference": "14f7ae2da4723c77b6b383b2751d15cafca5d8e1",
                "shasum": ""
            },
            "require": {
                "mopa/composer-bridge": "dev-master",
                "symfony/symfony": ">=2.1,<2.3-dev"
            },
            "suggest": {
                "knplabs/knp-paginator-bundle": "dev-master",
                "craue/formflow-bundle": "dev-master",
                "twitter/bootstrap": "2.0.*",
                "knplabs/knp-menu-bundle": "1.1.*",
                "thomas-mcdonald/bootstrap-sass": "dev-master"
            },
            "time": "2012-11-06 08:52:05",
            "type": "symfony-bundle",
            "extra": {
                "branch-alias": {
                    "dev-master": "2.1.x-dev"
                }
            },
            "installation-source": "source",
            "autoload": {
                "psr-0": {
                    "Mopa\\Bundle\\BootstrapBundle": ""
                }
            },
            "license": [
                "MIT"
            ],
            "authors": [
                {
                    "name": "Philipp A. Mohrenweiser",
                    "email": "phiamo@googlemail.com",
                    "homepage": "http://bootstrap.mohrenweiserpartner.de"
                },
                {
                    "name": "Community contributions",
                    "homepage": "https://github.com/phiamo/MopaBootstrapBundle/contributors"
                }
            ],
            "description": "Easy integration of twitters bootstrap into symfony2",
            "keywords": [
                "form",
                "extra form",
                "bootstrap",
                "bootstrap form",
                "template"
            ]
        },
        {
            "name": "mopa/composer-bridge",
            "version": "dev-master",
            "source": {
                "type": "git",
                "url": "git://github.com/phiamo/MopaComposerBridge.git",
                "reference": "e07e6f3a3c922c70892590048b7ded72f525e547"
            },
            "dist": {
                "type": "zip",
                "url": "https://github.com/phiamo/MopaComposerBridge/archive/e07e6f3a3c922c70892590048b7ded72f525e547.zip",
                "reference": "e07e6f3a3c922c70892590048b7ded72f525e547",
                "shasum": ""
            },
            "require": {
                "symfony/console": "2.*"
            },
            "time": "2012-10-11 18:29:49",
            "type": "symfony-bridge",
            "installation-source": "source",
            "autoload": {
                "psr-0": {
                    "Mopa\\Bridge\\Composer": "src/"
                }
            },
            "license": [
                "MIT"
            ],
            "authors": [
                {
                    "name": "Philipp A. Mohrenweiser",
                    "email": "phiamo@googlemail.com",
                    "homepage": "http://bootstrap.mohrenweiserpartner.de"
                },
                {
                    "name": "Community contributions",
                    "homepage": "https://github.com/phiamo/MopaComposerBridge/contributors"
                }
            ],
            "description": "Symfony2 Composer Bridge",
            "homepage": "http://bootstrap.mohrenweiserpartner.de",
            "keywords": [
                "Symfony2",
                "composer"
            ]
        },
        {
            "name": "symfony/symfony",
            "version": "2.1.x-dev",
            "source": {
                "type": "git",
                "url": "git://github.com/symfony/symfony.git",
                "reference": "aa124288676648f727370876ccdf6dd7f208dc46"
            },
            "dist": {
                "type": "zip",
                "url": "https://github.com/symfony/symfony/archive/aa124288676648f727370876ccdf6dd7f208dc46.zip",
                "reference": "aa124288676648f727370876ccdf6dd7f208dc46",
                "shasum": ""
            },
            "require": {
                "php": ">=5.3.3",
                "doctrine/common": ">2.2,<2.4-dev",
                "twig/twig": ">=1.9.1,<2.0-dev"
            },
            "replace": {
                "symfony/doctrine-bridge": "self.version",
                "symfony/monolog-bridge": "self.version",
                "symfony/propel1-bridge": "self.version",
                "symfony/swiftmailer-bridge": "self.version",
                "symfony/twig-bridge": "self.version",
                "symfony/framework-bundle": "self.version",
                "symfony/security-bundle": "self.version",
                "symfony/twig-bundle": "self.version",
                "symfony/web-profiler-bundle": "self.version",
                "symfony/browser-kit": "self.version",
                "symfony/class-loader": "self.version",
                "symfony/config": "self.version",
                "symfony/console": "self.version",
                "symfony/css-selector": "self.version",
                "symfony/dependency-injection": "self.version",
                "symfony/dom-crawler": "self.version",
                "symfony/event-dispatcher": "self.version",
                "symfony/filesystem": "self.version",
                "symfony/finder": "self.version",
                "symfony/form": "self.version",
                "symfony/http-foundation": "self.version",
                "symfony/http-kernel": "self.version",
                "symfony/locale": "self.version",
                "symfony/options-resolver": "self.version",
                "symfony/process": "self.version",
                "symfony/routing": "self.version",
                "symfony/security": "self.version",
                "symfony/serializer": "self.version",
                "symfony/templating": "self.version",
                "symfony/translation": "self.version",
                "symfony/validator": "self.version",
                "symfony/yaml": "self.version"
            },
            "require-dev": {
                "doctrine/dbal": ">=2.2,<2.4-dev",
                "doctrine/orm": ">=2.2.3,<2.4-dev",
                "doctrine/data-fixtures": "1.0.*",
                "propel/propel1": "dev-master",
                "monolog/monolog": "1.*"
            },
            "time": "2012-11-21 15:37:43",
            "type": "library",
            "extra": {
                "branch-alias": {
                    "dev-master": "2.1-dev"
                }
            },
            "installation-source": "source",
            "autoload": {
                "psr-0": {
                    "Symfony": "src/",
                    "SessionHandlerInterface": "src/Symfony/Component/HttpFoundation/Resources/stubs"
                }
            },
            "license": [
                "MIT"
            ],
            "authors": [
                {
                    "name": "Fabien Potencier",
                    "email": "fabien@symfony.com"
                },
                {
                    "name": "Symfony Community",
                    "homepage": "http://symfony.com/contributors"
                }
            ],
            "description": "The Symfony PHP framework",
            "homepage": "http://symfony.com",
            "keywords": [
                "framework"
            ]
        },
        {
            "name": "twig/twig",
            "version": "dev-master",
            "source": {
                "type": "git",
                "url": "git://github.com/fabpot/Twig.git",
                "reference": "9b75e2c7ae51b66fd4bb2ffbf1d2f28a8604e8f6"
            },
            "dist": {
                "type": "zip",
                "url": "https://github.com/fabpot/Twig/archive/9b75e2c7ae51b66fd4bb2ffbf1d2f28a8604e8f6.zip",
                "reference": "9b75e2c7ae51b66fd4bb2ffbf1d2f28a8604e8f6",
                "shasum": ""
            },
            "require": {
                "php": ">=5.2.4"
            },
            "time": "2012-11-19 07:06:38",
            "type": "library",
            "extra": {
                "branch-alias": {
                    "dev-master": "1.12-dev"
                }
            },
            "installation-source": "source",
            "autoload": {
                "psr-0": {
                    "Twig_": "lib/"
                }
            },
            "license": [
                "BSD-3"
            ],
            "authors": [
                {
                    "name": "Fabien Potencier",
                    "email": "fabien@symfony.com"
                },
                {
                    "name": "Armin Ronacher",
                    "email": "armin.ronacher@active-4.com"
                }
            ],
            "description": "Twig, the flexible, fast, and secure template language for PHP",
            "homepage": "http://twig.sensiolabs.org",
            "keywords": [
                "templating"
            ]
        },
        {
            "name": "twitter/bootstrap",
            "version": "master",
            "source": {
                "type": "git",
                "url": "https://github.com/twitter/bootstrap.git",
                "reference": "master"
            },
            "dist": {
                "type": "zip",
                "url": "https://github.com/twitter/bootstrap/zipball/master",
                "reference": null,
                "shasum": null
            },
            "type": "library",
            "installation-source": "source",
            "time": "2012-10-31 04:59:56"
        }
    ],
    "packages-dev": null,
    "aliases": [

    ],
    "minimum-stability": "dev",
    "stability-flags": {
        "mopa/bootstrap-bundle": 20,
        "leafo/lessphp": 20
    }
}
